
Microsoft Visual Studio Solution File, Format Version 12.00
# Visual Studio Version 16
VisualStudioVersion = 16.0.30320.27
MinimumVisualStudioVersion = 10.0.40219.1
Project("{9A19103F-16F7-4668-BE54-9A1E7A4F7556}") = "Cosette", "Cosette\Cosette.csproj", "{B2BA9BD6-E1C2-437E-986D-A6C08568D770}"
EndProject
Project("{9A19103F-16F7-4668-BE54-9A1E7A4F7556}") = "Cosette.Tests", "Cosette.Tests\Cosette.Tests.csproj", "{DB4710F3-2692-42AD-8B93-C77B823CEFEB}"
EndProject
Project("{2150E333-8FDC-42A3-9474-1A3956D46DE8}") = "Solution Items", "Solution Items", "{0536E340-D841-4108-AD0E-ADF8DBDF1E3F}"
	ProjectSection(SolutionItems) = preProject
		.gitignore = .gitignore
		CHANGELOG.md = CHANGELOG.md
		LICENSE = LICENSE
		README.md = README.md
	EndProjectSection
EndProject
Project("{9A19103F-16F7-4668-BE54-9A1E7A4F7556}") = "Cosette.Arbiter", "Cosette.Arbiter\Cosette.Arbiter.csproj", "{DAB140A1-17EB-4688-8107-8C2AEA737AD6}"
EndProject
Project("{9A19103F-16F7-4668-BE54-9A1E7A4F7556}") = "Cosette.Polyglot.Tests", "Cosette.Arbiter.Tests\Cosette.Polyglot.Tests.csproj", "{446DB14C-F30C-4A0C-86AB-8CCF3CF7CB53}"
EndProject
Project("{FAE04EC0-301F-11D3-BF4B-00C04F79EFBC}") = "Cosette.Polyglot", "Cosette.Polyglot\Cosette.Polyglot.csproj", "{AB6B0059-A70B-4A8F-9F55-22DB3A92E83F}"
EndProject
Global
	GlobalSection(SolutionConfigurationPlatforms) = preSolution
		BMI|Any CPU = BMI|Any CPU
		BMI|x64 = BMI|x64
		CCRL|Any CPU = CCRL|Any CPU
		CCRL|x64 = CCRL|x64
		Debug|Any CPU = Debug|Any CPU
		Debug|x64 = Debug|x64
		Release|Any CPU = Release|Any CPU
		Release|x64 = Release|x64
	EndGlobalSection
	GlobalSection(ProjectConfigurationPlatforms) = postSolution
		{B2BA9BD6-E1C2-437E-986D-A6C08568D770}.BMI|Any CPU.ActiveCfg = BMI|Any CPU
		{B2BA9BD6-E1C2-437E-986D-A6C08568D770}.BMI|Any CPU.Build.0 = BMI|Any CPU
		{B2BA9BD6-E1C2-437E-986D-A6C08568D770}.BMI|x64.ActiveCfg = BMI|x64
		{B2BA9BD6-E1C2-437E-986D-A6C08568D770}.BMI|x64.Build.0 = BMI|x64
		{B2BA9BD6-E1C2-437E-986D-A6C08568D770}.CCRL|Any CPU.ActiveCfg = CCRL|Any CPU
		{B2BA9BD6-E1C2-437E-986D-A6C08568D770}.CCRL|Any CPU.Build.0 = CCRL|Any CPU
		{B2BA9BD6-E1C2-437E-986D-A6C08568D770}.CCRL|x64.ActiveCfg = CCRL|x64
		{B2BA9BD6-E1C2-437E-986D-A6C08568D770}.CCRL|x64.Build.0 = CCRL|x64
		{B2BA9BD6-E1C2-437E-986D-A6C08568D770}.Debug|Any CPU.ActiveCfg = Debug|Any CPU
		{B2BA9BD6-E1C2-437E-986D-A6C08568D770}.Debug|Any CPU.Build.0 = Debug|Any CPU
		{B2BA9BD6-E1C2-437E-986D-A6C08568D770}.Debug|x64.ActiveCfg = Debug|x64
		{B2BA9BD6-E1C2-437E-986D-A6C08568D770}.Debug|x64.Build.0 = Debug|x64
		{B2BA9BD6-E1C2-437E-986D-A6C08568D770}.Release|Any CPU.ActiveCfg = Release|Any CPU
		{B2BA9BD6-E1C2-437E-986D-A6C08568D770}.Release|Any CPU.Build.0 = Release|Any CPU
		{B2BA9BD6-E1C2-437E-986D-A6C08568D770}.Release|x64.ActiveCfg = Release|x64
		{B2BA9BD6-E1C2-437E-986D-A6C08568D770}.Release|x64.Build.0 = Release|x64
		{DB4710F3-2692-42AD-8B93-C77B823CEFEB}.BMI|Any CPU.ActiveCfg = BMI|x64
		{DB4710F3-2692-42AD-8B93-C77B823CEFEB}.BMI|x64.ActiveCfg = BMI|x64
		{DB4710F3-2692-42AD-8B93-C77B823CEFEB}.BMI|x64.Build.0 = BMI|x64
		{DB4710F3-2692-42AD-8B93-C77B823CEFEB}.CCRL|Any CPU.ActiveCfg = CCRL|x64
		{DB4710F3-2692-42AD-8B93-C77B823CEFEB}.CCRL|x64.ActiveCfg = CCRL|x64
		{DB4710F3-2692-42AD-8B93-C77B823CEFEB}.CCRL|x64.Build.0 = CCRL|x64
		{DB4710F3-2692-42AD-8B93-C77B823CEFEB}.Debug|Any CPU.ActiveCfg = Debug|x64
		{DB4710F3-2692-42AD-8B93-C77B823CEFEB}.Debug|x64.ActiveCfg = Debug|x64
		{DB4710F3-2692-42AD-8B93-C77B823CEFEB}.Debug|x64.Build.0 = Debug|x64
		{DB4710F3-2692-42AD-8B93-C77B823CEFEB}.Release|Any CPU.ActiveCfg = Release|x64
		{DB4710F3-2692-42AD-8B93-C77B823CEFEB}.Release|x64.ActiveCfg = Release|x64
		{DB4710F3-2692-42AD-8B93-C77B823CEFEB}.Release|x64.Build.0 = Release|x64
		{DAB140A1-17EB-4688-8107-8C2AEA737AD6}.BMI|Any CPU.ActiveCfg = Release|Any CPU
		{DAB140A1-17EB-4688-8107-8C2AEA737AD6}.BMI|Any CPU.Build.0 = Release|Any CPU
		{DAB140A1-17EB-4688-8107-8C2AEA737AD6}.BMI|x64.ActiveCfg = Release|Any CPU
		{DAB140A1-17EB-4688-8107-8C2AEA737AD6}.BMI|x64.Build.0 = Release|Any CPU
		{DAB140A1-17EB-4688-8107-8C2AEA737AD6}.CCRL|Any CPU.ActiveCfg = Release|Any CPU
		{DAB140A1-17EB-4688-8107-8C2AEA737AD6}.CCRL|Any CPU.Build.0 = Release|Any CPU
		{DAB140A1-17EB-4688-8107-8C2AEA737AD6}.CCRL|x64.ActiveCfg = Release|Any CPU
		{DAB140A1-17EB-4688-8107-8C2AEA737AD6}.CCRL|x64.Build.0 = Release|Any CPU
		{DAB140A1-17EB-4688-8107-8C2AEA737AD6}.Debug|Any CPU.ActiveCfg = Debug|Any CPU
		{DAB140A1-17EB-4688-8107-8C2AEA737AD6}.Debug|Any CPU.Build.0 = Debug|Any CPU
		{DAB140A1-17EB-4688-8107-8C2AEA737AD6}.Debug|x64.ActiveCfg = Debug|Any CPU
		{DAB140A1-17EB-4688-8107-8C2AEA737AD6}.Debug|x64.Build.0 = Debug|Any CPU
		{DAB140A1-17EB-4688-8107-8C2AEA737AD6}.Release|Any CPU.ActiveCfg = Release|Any CPU
		{DAB140A1-17EB-4688-8107-8C2AEA737AD6}.Release|Any CPU.Build.0 = Release|Any CPU
		{DAB140A1-17EB-4688-8107-8C2AEA737AD6}.Release|x64.ActiveCfg = Release|Any CPU
		{DAB140A1-17EB-4688-8107-8C2AEA737AD6}.Release|x64.Build.0 = Release|Any CPU
		{446DB14C-F30C-4A0C-86AB-8CCF3CF7CB53}.BMI|Any CPU.ActiveCfg = Release|Any CPU
		{446DB14C-F30C-4A0C-86AB-8CCF3CF7CB53}.BMI|Any CPU.Build.0 = Release|Any CPU
		{446DB14C-F30C-4A0C-86AB-8CCF3CF7CB53}.BMI|x64.ActiveCfg = Release|Any CPU
		{446DB14C-F30C-4A0C-86AB-8CCF3CF7CB53}.BMI|x64.Build.0 = Release|Any CPU
		{446DB14C-F30C-4A0C-86AB-8CCF3CF7CB53}.CCRL|Any CPU.ActiveCfg = Release|Any CPU
		{446DB14C-F30C-4A0C-86AB-8CCF3CF7CB53}.CCRL|Any CPU.Build.0 = Release|Any CPU
		{446DB14C-F30C-4A0C-86AB-8CCF3CF7CB53}.CCRL|x64.ActiveCfg = Release|Any CPU
		{446DB14C-F30C-4A0C-86AB-8CCF3CF7CB53}.CCRL|x64.Build.0 = Release|Any CPU
		{446DB14C-F30C-4A0C-86AB-8CCF3CF7CB53}.Debug|Any CPU.ActiveCfg = Debug|Any CPU
		{446DB14C-F30C-4A0C-86AB-8CCF3CF7CB53}.Debug|Any CPU.Build.0 = Debug|Any CPU
		{446DB14C-F30C-4A0C-86AB-8CCF3CF7CB53}.Debug|x64.ActiveCfg = Debug|Any CPU
		{446DB14C-F30C-4A0C-86AB-8CCF3CF7CB53}.Debug|x64.Build.0 = Debug|Any CPU
		{446DB14C-F30C-4A0C-86AB-8CCF3CF7CB53}.Release|Any CPU.ActiveCfg = Release|Any CPU
		{446DB14C-F30C-4A0C-86AB-8CCF3CF7CB53}.Release|Any CPU.Build.0 = Release|Any CPU
		{446DB14C-F30C-4A0C-86AB-8CCF3CF7CB53}.Release|x64.ActiveCfg = Release|Any CPU
		{446DB14C-F30C-4A0C-86AB-8CCF3CF7CB53}.Release|x64.Build.0 = Release|Any CPU
		{AB6B0059-A70B-4A8F-9F55-22DB3A92E83F}.BMI|Any CPU.ActiveCfg = Release|Any CPU
		{AB6B0059-A70B-4A8F-9F55-22DB3A92E83F}.BMI|Any CPU.Build.0 = Release|Any CPU
		{AB6B0059-A70B-4A8F-9F55-22DB3A92E83F}.BMI|x64.ActiveCfg = Release|Any CPU
		{AB6B0059-A70B-4A8F-9F55-22DB3A92E83F}.BMI|x64.Build.0 = Release|Any CPU
		{AB6B0059-A70B-4A8F-9F55-22DB3A92E83F}.CCRL|Any CPU.ActiveCfg = Release|Any CPU
		{AB6B0059-A70B-4A8F-9F55-22DB3A92E83F}.CCRL|Any CPU.Build.0 = Release|Any CPU
		{AB6B0059-A70B-4A8F-9F55-22DB3A92E83F}.CCRL|x64.ActiveCfg = Release|Any CPU
		{AB6B0059-A70B-4A8F-9F55-22DB3A92E83F}.CCRL|x64.Build.0 = Release|Any CPU
		{AB6B0059-A70B-4A8F-9F55-22DB3A92E83F}.Debug|Any CPU.ActiveCfg = Debug|Any CPU
		{AB6B0059-A70B-4A8F-9F55-22DB3A92E83F}.Debug|Any CPU.Build.0 = Debug|Any CPU
		{AB6B0059-A70B-4A8F-9F55-22DB3A92E83F}.Debug|x64.ActiveCfg = Debug|Any CPU
		{AB6B0059-A70B-4A8F-9F55-22DB3A92E83F}.Debug|x64.Build.0 = Debug|Any CPU
		{AB6B0059-A70B-4A8F-9F55-22DB3A92E83F}.Release|Any CPU.ActiveCfg = Release|Any CPU
		{AB6B0059-A70B-4A8F-9F55-22DB3A92E83F}.Release|Any CPU.Build.0 = Release|Any CPU
		{AB6B0059-A70B-4A8F-9F55-22DB3A92E83F}.Release|x64.ActiveCfg = Release|Any CPU
		{AB6B0059-A70B-4A8F-9F55-22DB3A92E83F}.Release|x64.Build.0 = Release|Any CPU
	EndGlobalSection
	GlobalSection(SolutionProperties) = preSolution
		HideSolutionNode = FALSE
	EndGlobalSection
	GlobalSection(ExtensibilityGlobals) = postSolution
		SolutionGuid = {4C8DCBE3-EC25-4B0D-BB30-0D47197305DE}
	EndGlobalSection
EndGlobal
